
Microsoft Visual Studio Solution File, Format Version 12.00
# Visual Studio Version 16
VisualStudioVersion = 16.0.31613.86
MinimumVisualStudioVersion = 10.0.40219.1
Project("{FAE04EC0-301F-11D3-BF4B-00C04F79EFBC}") = "RoHGraphRenderingWinForm", "RoHGraphRenderingWinForm\RoHGraphRenderingWinForm.csproj", "{F4C4B8A4-07DE-4470-893E-EF1D818F061D}"
EndProject
Global
	GlobalSection(SolutionConfigurationPlatforms) = preSolution
		Debug|Any CPU = Debug|Any CPU
		Release|Any CPU = Release|Any CPU
	EndGlobalSection
	GlobalSection(ProjectConfigurationPlatforms) = postSolution
		{F4C4B8A4-07DE-4470-893E-EF1D818F061D}.Debug|Any CPU.ActiveCfg = Debug|Any CPU
		{F4C4B8A4-07DE-4470-893E-EF1D818F061D}.Debug|Any CPU.Build.0 = Debug|Any CPU
		{F4C4B8A4-07DE-4470-893E-EF1D818F061D}.Release|Any CPU.ActiveCfg = Release|Any CPU
		{F4C4B8A4-07DE-4470-893E-EF1D818F061D}.Release|Any CPU.Build.0 = Release|Any CPU
	EndGlobalSection
	GlobalSection(SolutionProperties) = preSolution
		HideSolutionNode = FALSE
	EndGlobalSection
	GlobalSection(ExtensibilityGlobals) = postSolution
		SolutionGuid = {3419835D-6FBD-466E-BF26-4B346B1A2F95}
	EndGlobalSection
EndGlobal
